
Microsoft Visual Studio Solution File, Format Version 12.00
# Visual Studio 2013
VisualStudioVersion = 12.0.31101.0
MinimumVisualStudioVersion = 10.0.40219.1
Project("{FAE04EC0-301F-11D3-BF4B-00C04F79EFBC}") = "SPF.OWAES", "SPF.OWAES\SPF.OWAES.csproj", "{AF2BBCA3-76FA-46A9-8FC9-BA00ED1D908E}"
EndProject
Project("{FAE04EC0-301F-11D3-BF4B-00C04F79EFBC}") = "SPF.OWAES.DataAccess", "SPF.OWAES.DataAccess\SPF.OWAES.DataAccess.csproj", "{A967DA8E-DB41-4385-ABED-2105A3B9CC61}"
EndProject
Project("{FAE04EC0-301F-11D3-BF4B-00C04F79EFBC}") = "SPF.OWAES.WCF", "SPF.OWAES.WCF\SPF.OWAES.WCF.csproj", "{F9C47660-4603-4EB8-BE70-6E292A70CB7A}"
EndProject
Project("{FAE04EC0-301F-11D3-BF4B-00C04F79EFBC}") = "SPF.OWAES.Models", "SPF.OWAES.Models\SPF.OWAES.Models.csproj", "{CBFFA8A0-6DE0-4D78-9353-F0546B2043C7}"
EndProject
Project("{FAE04EC0-301F-11D3-BF4B-00C04F79EFBC}") = "SPF.OWAES.Common", "SPF.OWAES.Common\SPF.OWAES.Common.csproj", "{C6A05C7E-B6E8-4B4E-B261-42F9008BDD28}"
EndProject
Global
	GlobalSection(SolutionConfigurationPlatforms) = preSolution
		Debug|Any CPU = Debug|Any CPU
		Release|Any CPU = Release|Any CPU
	EndGlobalSection
	GlobalSection(ProjectConfigurationPlatforms) = postSolution
		{AF2BBCA3-76FA-46A9-8FC9-BA00ED1D908E}.Debug|Any CPU.ActiveCfg = Debug|Any CPU
		{AF2BBCA3-76FA-46A9-8FC9-BA00ED1D908E}.Debug|Any CPU.Build.0 = Debug|Any CPU
		{AF2BBCA3-76FA-46A9-8FC9-BA00ED1D908E}.Release|Any CPU.ActiveCfg = Release|Any CPU
		{AF2BBCA3-76FA-46A9-8FC9-BA00ED1D908E}.Release|Any CPU.Build.0 = Release|Any CPU
		{A967DA8E-DB41-4385-ABED-2105A3B9CC61}.Debug|Any CPU.ActiveCfg = Debug|Any CPU
		{A967DA8E-DB41-4385-ABED-2105A3B9CC61}.Debug|Any CPU.Build.0 = Debug|Any CPU
		{A967DA8E-DB41-4385-ABED-2105A3B9CC61}.Release|Any CPU.ActiveCfg = Release|Any CPU
		{A967DA8E-DB41-4385-ABED-2105A3B9CC61}.Release|Any CPU.Build.0 = Release|Any CPU
		{F9C47660-4603-4EB8-BE70-6E292A70CB7A}.Debug|Any CPU.ActiveCfg = Debug|Any CPU
		{F9C47660-4603-4EB8-BE70-6E292A70CB7A}.Debug|Any CPU.Build.0 = Debug|Any CPU
		{F9C47660-4603-4EB8-BE70-6E292A70CB7A}.Release|Any CPU.ActiveCfg = Release|Any CPU
		{F9C47660-4603-4EB8-BE70-6E292A70CB7A}.Release|Any CPU.Build.0 = Release|Any CPU
		{CBFFA8A0-6DE0-4D78-9353-F0546B2043C7}.Debug|Any CPU.ActiveCfg = Debug|Any CPU
		{CBFFA8A0-6DE0-4D78-9353-F0546B2043C7}.Debug|Any CPU.Build.0 = Debug|Any CPU
		{CBFFA8A0-6DE0-4D78-9353-F0546B2043C7}.Release|Any CPU.ActiveCfg = Release|Any CPU
		{CBFFA8A0-6DE0-4D78-9353-F0546B2043C7}.Release|Any CPU.Build.0 = Release|Any CPU
		{C6A05C7E-B6E8-4B4E-B261-42F9008BDD28}.Debug|Any CPU.ActiveCfg = Debug|Any CPU
		{C6A05C7E-B6E8-4B4E-B261-42F9008BDD28}.Debug|Any CPU.Build.0 = Debug|Any CPU
		{C6A05C7E-B6E8-4B4E-B261-42F9008BDD28}.Release|Any CPU.ActiveCfg = Release|Any CPU
		{C6A05C7E-B6E8-4B4E-B261-42F9008BDD28}.Release|Any CPU.Build.0 = Release|Any CPU
	EndGlobalSection
	GlobalSection(SolutionProperties) = preSolution
		HideSolutionNode = FALSE
	EndGlobalSection
EndGlobal
